PODS:
  - SnapKit (5.0.1)
  - SwiftIcons (2.3.2)

DEPENDENCIES:
  - SnapKit (~> 5.0.0)
  - SwiftIcons

SPEC REPOS:
  https://github.com/CocoaPods/Specs.git:
    - SnapKit
    - SwiftIcons

SPEC CHECKSUMS:
  SnapKit: 97b92857e3df3a0c71833cce143274bf6ef8e5eb
  SwiftIcons: e652cfd2676441c462ad57b6e92977faf577e590

PODFILE CHECKSUM: 2e95ea9364dc48a60ba4c9d72fa107eb84d8acbb

COCOAPODS: 1.8.4
